github.com/axllent/ghru/v2 v2.0.2 h1:xalJupjJAU8Kcs39AwpG53qbcbi3+WKM98BEoQWf/zU=
github.com/axllent/ghru/v2 v2.0.2/go.mod h1:seMMjx8/0r5ZAL7c0vwTPIRoyN0AoTUqAylZEWZWGK4=
github.com/spf13/pflag v1.0.10 h1:4EBh2KAYBwaONj6b2Ye1GiHfwjqyROoF4RwYO+vPwFk=
github.com/spf13/pflag v1.0.10/go.mod h1:McXfInJRrz4CZXVZOBLb0bTZqETkiAhM9Iw0y3An2Bg=
golang.org/x/mod v0.28.0 h1:gQBtGhjxykdjY9YhZpSlZIsbnaE2+PgjfLWUQTnoZ1U=
golang.org/x/mod v0.28.0/go.mod h1:yfB/L0NOf/kmEbXjzCPOx1iK1fRutOydrCMsqRhEBxI=
