github.com/axllent/ghru/v2 v2.0.2 h1:xalJupjJAU8Kcs39AwpG53qbcbi3+WKM98BEoQWf/zU=
github.com/axllent/ghru/v2 v2.0.2/go.mod h1:seMMjx8/0r5ZAL7c0vwTPIRoyN0AoTUqAylZEWZWGK4=
github.com/spf13/pflag v1.0.6 h1:jFzHGLGAlb3ruxLB8MhbI6A8+AQX/2eW4qeyNZXNp2o=
github.com/spf13/pflag v1.0.6/go.mod h1:McXfInJRrz4CZXVZOBLb0bTZqETkiAhM9Iw0y3An2Bg=
golang.org/x/mod v0.25.0 h1:n7a+ZbQKQA/Ysbyb0/6IbB1H/X41mKgbhfv7AfG/44w=
golang.org/x/mod v0.25.0/go.mod h1:IXM97Txy2VM4PJ3gI61r1YEk/gAj6zAHN3AdZt6S9Ww=
