github.com/axllent/ghru v1.2.1 h1:PuJQQeILJJ42O9nvjTwObWQGZDyZ9/F71st9jNAqgoU=
github.com/axllent/ghru v1.2.1/go.mod h1:YgznIILRJpnII5x8N080q/G8Milzk3sy9Sh4dV1eGQw=
github.com/axllent/semver v0.0.1 h1:QqF+KSGxgj8QZzSXAvKFqjGWE5792ksOnQhludToK8E=
github.com/axllent/semver v0.0.1/go.mod h1:2xSPzvG8n9mRfdtxSvWvfTfQGWfHsMsHO1iZnKATMSc=
github.com/spf13/pflag v1.0.5 h1:iy+VFUOCP1a+8yFto/drg2CJ5u0yRoB7fZw3DKv/JXA=
github.com/spf13/pflag v1.0.5/go.mod h1:McXfInJRrz4CZXVZOBLb0bTZqETkiAhM9Iw0y3An2Bg=
